// !$*UTF8*$!
{
	archiveVersion = 1;
	classes = {
	};
	objectVersion = 46;
	objects = {

/* Begin PBXBuildFile section */
		C85FC2771DC5D45700A9AD26 /* AppDelegate.swift in Sources */ = {isa = PBXBuildFile; fileRef = C85FC2761DC5D45700A9AD26 /* AppDelegate.swift */; };
		C85FC2791DC5D45700A9AD26 /* ViewController.swift in Sources */ = {isa = PBXBuildFile; fileRef = C85FC2781DC5D45700A9AD26 /* ViewController.swift */; };
		C85FC27C1DC5D45700A9AD26 /* Main.storyboard in Resources */ = {isa = PBXBuildFile; fileRef = C85FC27A1DC5D45700A9AD26 /* Main.storyboard */; };
		C85FC27E1DC5D45700A9AD26 /* Assets.xcassets in Resources */ = {isa = PBXBuildFile; fileRef = C85FC27D1DC5D45700A9AD26 /* Assets.xcassets */; };
		C85FC2811DC5D45700A9AD26 /* LaunchScreen.storyboard in Resources */ = {isa = PBXBuildFile; fileRef = C85FC27F1DC5D45700A9AD26 /* LaunchScreen.storyboard */; };
		C85FC28B1DC5DB0C00A9AD26 /* NextViewController.swift in Sources */ = {isa = PBXBuildFile; fileRef = C85FC28A1DC5DB0C00A9AD26 /* NextViewController.swift */; };
		C85FC28D1DC5E12A00A9AD26 /* NextViewControllerB.swift in Sources */ = {isa = PBXBuildFile; fileRef = C85FC28C1DC5E12A00A9AD26 /* NextViewControllerB.swift */; };
/* End PBXBuildFile section */

/* Begin PBXFileReference section */
		C85FC2731DC5D45700A9AD26 /* moveApp.app */ = {isa = PBXFileReference; explicitFileType = wrapper.application; includeInIndex = 0; path = moveApp.app; sourceTree = BUILT_PRODUCTS_DIR; };
		C85FC2761DC5D45700A9AD26 /* AppDelegate.swift */ = {isa = PBXFileReference; lastKnownFileType = sourcecode.swift; path = AppDelegate.swift; sourceTree = "<group>"; };
		C85FC2781DC5D45700A9AD26 /* ViewController.swift */ = {isa = PBXFileReference; lastKnownFileType = sourcecode.swift; path = ViewController.swift; sourceTree = "<group>"; };
		C85FC27B1DC5D45700A9AD26 /* Base */ = {isa = PBXFileReference; lastKnownFileType = file.storyboard; name = Base; path = Base.lproj/Main.storyboard; sourceTree = "<group>"; };
		C85FC27D1DC5D45700A9AD26 /* Assets.xcassets */ = {isa = PBXFileReference; lastKnownFileType = folder.assetcatalog; path = Assets.xcassets; sourceTree = "<group>"; };
		C85FC2801DC5D45700A9AD26 /* Base */ = {isa = PBXFileReference; lastKnownFileType = file.storyboard; name = Base; path = Base.lproj/LaunchScreen.storyboard; sourceTree = "<group>"; };
		C85FC2821DC5D45700A9AD26 /* Info.plist */ = {isa = PBXFileReference; lastKnownFileType = text.plist.xml; path = Info.plist; sourceTree = "<group>"; };
		C85FC28A1DC5DB0C00A9AD26 /* NextViewController.swift */ = {isa = PBXFileReference; fileEncoding = 4; lastKnownFileType = sourcecode.swift; name = NextViewController.swift; path = ../NextViewController.swift; sourceTree = "<group>"; };
		C85FC28C1DC5E12A00A9AD26 /* NextViewControllerB.swift */ = {isa = PBXFileReference; fileEncoding = 4; lastKnownFileType = sourcecode.swift; path = NextViewControllerB.swift; sourceTree = "<group>"; };
/* End PBXFileReference section */

/* Begin PBXFrameworksBuildPhase section */
		C85FC2701DC5D45700A9AD26 /* Frameworks */ = {
			isa = PBXFrameworksBuildPhase;
			buildActionMask = 2147483647;
			files = (
			);
			runOnlyForDeploymentPostprocessing = 0;
		};
/* End PBXFrameworksBuildPhase section */

/* Begin PBXGroup section */
		C85FC26A1DC5D45600A9AD26 = {
			isa = PBXGroup;
			children = (
				C85FC2751DC5D45700A9AD26 /* moveApp */,
				C85FC2741DC5D45700A9AD26 /* Products */,
			);
			sourceTree = "<group>";
		};
		C85FC2741DC5D45700A9AD26 /* Products */ = {
			isa = PBXGroup;
			children = (
				C85FC2731DC5D45700A9AD26 /* moveApp.app */,
			);
			name = Products;
			sourceTree = "<group>";
		};
		C85FC2751DC5D45700A9AD26 /* moveApp */ = {
			isa = PBXGroup;
			children = (
				C85FC2761DC5D45700A9AD26 /* AppDelegate.swift */,
				C85FC2781DC5D45700A9AD26 /* ViewController.swift */,
				C85FC28A1DC5DB0C00A9AD26 /* NextViewController.swift */,
				C85FC28C1DC5E12A00A9AD26 /* NextViewControllerB.swift */,
				C85FC27A1DC5D45700A9AD26 /* Main.storyboard */,
				C85FC27D1DC5D45700A9AD26 /* Assets.xcassets */,
				C85FC27F1DC5D45700A9AD26 /* LaunchScreen.storyboard */,
				C85FC2821DC5D45700A9AD26 /* Info.plist */,
			);
			path = moveApp;
			sourceTree = "<group>";
		};
/* End PBXGroup section */

/* Begin PBXNativeTarget section */
		C85FC2721DC5D45700A9AD26 /* moveApp */ = {
			isa = PBXNativeTarget;
			buildConfigurationList = C85FC2851DC5D45700A9AD26 /* Build configuration list for PBXNativeTarget "moveApp" */;
			buildPhases = (
				C85FC26F1DC5D45700A9AD26 /* Sources */,
				C85FC2701DC5D45700A9AD26 /* Frameworks */,
				C85FC2711DC5D45700A9AD26 /* Resources */,
			);
			buildRules = (
			);
			dependencies = (
			);
			name = moveApp;
			productName = moveApp;
			productReference = C85FC2731DC5D45700A9AD26 /* moveApp.app */;
			productType = "com.apple.product-type.application";
		};
/* End PBXNativeTarget section */

/* Begin PBXProject section */
		C85FC26B1DC5D45600A9AD26 /* Project object */ = {
			isa = PBXProject;
			attributes = {
				LastSwiftUpdateCheck = 0810;
				LastUpgradeCheck = 0810;
				ORGANIZATIONNAME = "阿部拓磨";
				TargetAttributes = {
					C85FC2721DC5D45700A9AD26 = {
						CreatedOnToolsVersion = 8.1;
						ProvisioningStyle = Automatic;
					};
				};
			};
			buildConfigurationList = C85FC26E1DC5D45600A9AD26 /* Build configuration list for PBXProject "moveApp" */;
			compatibilityVersion = "Xcode 3.2";
			developmentRegion = English;
			hasScannedForEncodings = 0;
			knownRegions = (
				en,
				Base,
			);
			mainGroup = C85FC26A1DC5D45600A9AD26;
			productRefGroup = C85FC2741DC5D45700A9AD26 /* Products */;
			projectDirPath = "";
			projectRoot = "";
			targets = (
				C85FC2721DC5D45700A9AD26 /* moveApp */,
			);
		};
/* End PBXProject section */

/* Begin PBXResourcesBuildPhase section */
		C85FC2711DC5D45700A9AD26 /* Resources */ = {
			isa = PBXResourcesBuildPhase;
			buildActionMask = 2147483647;
			files = (
				C85FC2811DC5D45700A9AD26 /* LaunchScreen.storyboard in Resources */,
				C85FC27E1DC5D45700A9AD26 /* Assets.xcassets in Resources */,
				C85FC27C1DC5D45700A9AD26 /* Main.storyboard in Resources */,
			);
			runOnlyForDeploymentPostprocessing = 0;
		};
/* End PBXResourcesBuildPhase section */

/* Begin PBXSourcesBuildPhase section */
		C85FC26F1DC5D45700A9AD26 /* Sources */ = {
			isa = PBXSourcesBuildPhase;
			buildActionMask = 2147483647;
			files = (
				C85FC28D1DC5E12A00A9AD26 /* NextViewControllerB.swift in Sources */,
				C85FC28B1DC5DB0C00A9AD26 /* NextViewController.swift in Sources */,
				C85FC2791DC5D45700A9AD26 /* ViewController.swift in Sources */,
				C85FC2771DC5D45700A9AD26 /* AppDelegate.swift in Sources */,
			);
			runOnlyForDeploymentPostprocessing = 0;
		};
/* End PBXSourcesBuildPhase section */

/* Begin PBXVariantGroup section */
		C85FC27A1DC5D45700A9AD26 /* Main.storyboard */ = {
			isa = PBXVariantGroup;
			children = (
				C85FC27B1DC5D45700A9AD26 /* Base */,
			);
			name = Main.storyboard;
			sourceTree = "<group>";
		};
		C85FC27F1DC5D45700A9AD26 /* LaunchScreen.storyboard */ = {
			isa = PBXVariantGroup;
			children = (
				C85FC2801DC5D45700A9AD26 /* Base */,
			);
			name = LaunchScreen.storyboard;
			sourceTree = "<group>";
		};
/* End PBXVariantGroup section */

/* Begin XCBuildConfiguration section */
		C85FC2831DC5D45700A9AD26 /* Debug */ = {
			isa = XCBuildConfiguration;
			buildSettings = {
				ALWAYS_SEARCH_USER_PATHS = NO;
				CLANG_ANALYZER_NONNULL = YES;
				CLANG_CXX_LANGUAGE_STANDARD = "gnu++0x";
				CLANG_CXX_LIBRARY = "libc++";
				CLANG_ENABLE_MODULES = YES;
				CLANG_ENABLE_OBJC_ARC = YES;
				CLANG_WARN_BOOL_CONVERSION = YES;
				CLANG_WARN_CONSTANT_CONVERSION = YES;
				CLANG_WARN_DIRECT_OBJC_ISA_USAGE = YES_ERROR;
				CLANG_WARN_DOCUMENTATION_COMMENTS = YES;
				CLANG_WARN_EMPTY_BODY = YES;
				CLANG_WARN_ENUM_CONVERSION = YES;
				CLANG_WARN_INFINITE_RECURSION = YES;
				CLANG_WARN_INT_CONVERSION = YES;
				CLANG_WARN_OBJC_ROOT_CLASS = YES_ERROR;
				CLANG_WARN_SUSPICIOUS_MOVES = YES;
				CLANG_WARN_UNREACHABLE_CODE = YES;
				CLANG_WARN__DUPLICATE_METHOD_MATCH = YES;
				"CODE_SIGN_IDENTITY[sdk=iphoneos*]" = "iPhone Developer";
				COPY_PHASE_STRIP = NO;
				DEBUG_INFORMATION_FORMAT = dwarf;
				ENABLE_STRICT_OBJC_MSGSEND = YES;
				ENABLE_TESTABILITY = YES;
				GCC_C_LANGUAGE_STANDARD = gnu99;
				GCC_DYNAMIC_NO_PIC = NO;
				GCC_NO_COMMON_BLOCKS = YES;
				GCC_OPTIMIZATION_LEVEL = 0;
				GCC_PREPROCESSOR_DEFINITIONS = (
					"DEBUG=1",
					"$(inherited)",
				);
				GCC_WARN_64_TO_32_BIT_CONVERSION = YES;
				GCC_WARN_ABOUT_RETURN_TYPE = YES_ERROR;
				GCC_WARN_UNDECLARED_SELECTOR = YES;
				GCC_WARN_UNINITIALIZED_AUTOS = YES_AGGRESSIVE;
				GCC_WARN_UNUSED_FUNCTION = YES;
				GCC_WARN_UNUSED_VARIABLE = YES;
				IPHONEOS_DEPLOYMENT_TARGET = 10.1;
				MTL_ENABLE_DEBUG_INFO = YES;
				ONLY_ACTIVE_ARCH = YES;
				SDKROOT = iphoneos;
				SWIFT_ACTIVE_COMPILATION_CONDITIONS = DEBUG;
				SWIFT_OPTIMIZATION_LEVEL = "-Onone";
			};
			name = Debug;
		};
		C85FC2841DC5D45700A9AD26 /* Release */ = {
			isa = XCBuildConfiguration;
			buildSettings = {
				ALWAYS_SEARCH_USER_PATHS = NO;
				CLANG_ANALYZER_NONNULL = YES;
				CLANG_CXX_LANGUAGE_STANDARD = "gnu++0x";
				CLANG_CXX_LIBRARY = "libc++";
				CLANG_ENABLE_MODULES = YES;
				CLANG_ENABLE_OBJC_ARC = YES;
				CLANG_WARN_BOOL_CONVERSION = YES;
				CLANG_WARN_CONSTANT_CONVERSION = YES;
				CLANG_WARN_DIRECT_OBJC_ISA_USAGE = YES_ERROR;
				CLANG_WARN_DOCUMENTATION_COMMENTS = YES;
				CLANG_WARN_EMPTY_BODY = YES;
				CLANG_WARN_ENUM_CONVERSION = YES;
				CLANG_WARN_INFINITE_RECURSION = YES;
				CLANG_WARN_INT_CONVERSION = YES;
				CLANG_WARN_OBJC_ROOT_CLASS = YES_ERROR;
				CLANG_WARN_SUSPICIOUS_MOVES = YES;
				CLANG_WARN_UNREACHABLE_CODE = YES;
				CLANG_WARN__DUPLICATE_METHOD_MATCH = YES;
				"CODE_SIGN_IDENTITY[sdk=iphoneos*]" = "iPhone Developer";
				COPY_PHASE_STRIP = NO;
				DEBUG_INFORMATION_FORMAT = "dwarf-with-dsym";
				ENABLE_NS_ASSERTIONS = NO;
				ENABLE_STRICT_OBJC_MSGSEND = YES;
				GCC_C_LANGUAGE_STANDARD = gnu99;
				GCC_NO_COMMON_BLOCKS = YES;
				GCC_WARN_64_TO_32_BIT_CONVERSION = YES;
				GCC_WARN_ABOUT_RETURN_TYPE = YES_ERROR;
				GCC_WARN_UNDECLARED_SELECTOR = YES;
				GCC_WARN_UNINITIALIZED_AUTOS = YES_AGGRESSIVE;
				GCC_WARN_UNUSED_FUNCTION = YES;
				GCC_WARN_UNUSED_VARIABLE = YES;
				IPHONEOS_DEPLOYMENT_TARGET = 10.1;
				MTL_ENABLE_DEBUG_INFO = NO;
				SDKROOT = iphoneos;
				SWIFT_OPTIMIZATION_LEVEL = "-Owholemodule";
				VALIDATE_PRODUCT = YES;
			};
			name = Release;
		};
		C85FC2861DC5D45700A9AD26 /* Debug */ = {
			isa = XCBuildConfiguration;
			buildSettings = {
				ASSETCATALOG_COMPILER_APPICON_NAME = AppIcon;
				INFOPLIST_FILE = moveApp/Info.plist;
				LD_RUNPATH_SEARCH_PATHS = "$(inherited) @executable_path/Frameworks";
				PRODUCT_BUNDLE_IDENTIFIER = com.takuma1.moveApp;
				PRODUCT_NAME = "$(TARGET_NAME)";
				SWIFT_VERSION = 3.0;
			};
			name = Debug;
		};
		C85FC2871DC5D45700A9AD26 /* Release */ = {
			isa = XCBuildConfiguration;
			buildSettings = {
				ASSETCATALOG_COMPILER_APPICON_NAME = AppIcon;
				INFOPLIST_FILE = moveApp/Info.plist;
				LD_RUNPATH_SEARCH_PATHS = "$(inherited) @executable_path/Frameworks";
				PRODUCT_BUNDLE_IDENTIFIER = com.takuma1.moveApp;
				PRODUCT_NAME = "$(TARGET_NAME)";
				SWIFT_VERSION = 3.0;
			};
			name = Release;
		};
/* End XCBuildConfiguration section */

/* Begin XCConfigurationList section */
		C85FC26E1DC5D45600A9AD26 /* Build configuration list for PBXProject "moveApp" */ = {
			isa = XCConfigurationList;
			buildConfigurations = (
				C85FC2831DC5D45700A9AD26 /* Debug */,
				C85FC2841DC5D45700A9AD26 /* Release */,
			);
			defaultConfigurationIsVisible = 0;
			defaultConfigurationName = Release;
		};
		C85FC2851DC5D45700A9AD26 /* Build configuration list for PBXNativeTarget "moveApp" */ = {
			isa = XCConfigurationList;
			buildConfigurations = (
				C85FC2861DC5D45700A9AD26 /* Debug */,
				C85FC2871DC5D45700A9AD26 /* Release */,
			);
			defaultConfigurationIsVisible = 0;
		};
/* End XCConfigurationList section */
	};
	rootObject = C85FC26B1DC5D45600A9AD26 /* Project object */;
}
